
Microsoft Visual Studio Solution File, Format Version 12.00
# Visual Studio Version 16
VisualStudioVersion = 16.0.30717.126
MinimumVisualStudioVersion = 10.0.40219.1
Project("{9A19103F-16F7-4668-BE54-9A1E7A4F7556}") = "ClientInvestmentsCalculator", "ClientInvestmentsCalculator\ClientInvestmentsCalculator.csproj", "{5BC2B3EA-4077-4341-A7A1-880A65C2B6B1}"
EndProject
Project("{FAE04EC0-301F-11D3-BF4B-00C04F79EFBC}") = "ApplicationService", "ApplicationService\ApplicationService.csproj", "{BBDF313F-459C-43C2-9978-2A3AE219CB78}"
EndProject
Project("{FAE04EC0-301F-11D3-BF4B-00C04F79EFBC}") = "Domain", "Domain\Domain.csproj", "{552E1936-4B1C-4884-A981-1AB68DBA2C3F}"
EndProject
Global
	GlobalSection(SolutionConfigurationPlatforms) = preSolution
		Debug|Any CPU = Debug|Any CPU
		Release|Any CPU = Release|Any CPU
	EndGlobalSection
	GlobalSection(ProjectConfigurationPlatforms) = postSolution
		{5BC2B3EA-4077-4341-A7A1-880A65C2B6B1}.Debug|Any CPU.ActiveCfg = Debug|Any CPU
		{5BC2B3EA-4077-4341-A7A1-880A65C2B6B1}.Debug|Any CPU.Build.0 = Debug|Any CPU
		{5BC2B3EA-4077-4341-A7A1-880A65C2B6B1}.Release|Any CPU.ActiveCfg = Release|Any CPU
		{5BC2B3EA-4077-4341-A7A1-880A65C2B6B1}.Release|Any CPU.Build.0 = Release|Any CPU
		{BBDF313F-459C-43C2-9978-2A3AE219CB78}.Debug|Any CPU.ActiveCfg = Debug|Any CPU
		{BBDF313F-459C-43C2-9978-2A3AE219CB78}.Debug|Any CPU.Build.0 = Debug|Any CPU
		{BBDF313F-459C-43C2-9978-2A3AE219CB78}.Release|Any CPU.ActiveCfg = Release|Any CPU
		{BBDF313F-459C-43C2-9978-2A3AE219CB78}.Release|Any CPU.Build.0 = Release|Any CPU
		{552E1936-4B1C-4884-A981-1AB68DBA2C3F}.Debug|Any CPU.ActiveCfg = Debug|Any CPU
		{552E1936-4B1C-4884-A981-1AB68DBA2C3F}.Debug|Any CPU.Build.0 = Debug|Any CPU
		{552E1936-4B1C-4884-A981-1AB68DBA2C3F}.Release|Any CPU.ActiveCfg = Release|Any CPU
		{552E1936-4B1C-4884-A981-1AB68DBA2C3F}.Release|Any CPU.Build.0 = Release|Any CPU
	EndGlobalSection
	GlobalSection(SolutionProperties) = preSolution
		HideSolutionNode = FALSE
	EndGlobalSection
	GlobalSection(ExtensibilityGlobals) = postSolution
		SolutionGuid = {BD210884-724D-42B3-8B41-73D5727B317B}
	EndGlobalSection
EndGlobal
